// !$*UTF8*$!
{
	archiveVersion = 1;
	classes = {
	};
	objectVersion = 50;
	objects = {

/* Begin PBXBuildFile section */
		ADDB1BB324E8420D004B79D1 /* AppDelegate.swift in Sources */ = {isa = PBXBuildFile; fileRef = ADDB1BB224E8420D004B79D1 /* AppDelegate.swift */; };
		ADDB1BB524E8420D004B79D1 /* GameViewController.swift in Sources */ = {isa = PBXBuildFile; fileRef = ADDB1BB424E8420D004B79D1 /* GameViewController.swift */; };
		ADDB1BB924E8420E004B79D1 /* Assets.xcassets in Resources */ = {isa = PBXBuildFile; fileRef = ADDB1BB824E8420E004B79D1 /* Assets.xcassets */; };
		ADDB1BBC24E8420E004B79D1 /* Main.storyboard in Resources */ = {isa = PBXBuildFile; fileRef = ADDB1BBA24E8420E004B79D1 /* Main.storyboard */; };
		ADDB1BC824E8420F004B79D1 /* LightFamineTests.swift in Sources */ = {isa = PBXBuildFile; fileRef = ADDB1BC724E8420F004B79D1 /* LightFamineTests.swift */; };
		ADDB1BD324E8420F004B79D1 /* LightFamineUITests.swift in Sources */ = {isa = PBXBuildFile; fileRef = ADDB1BD224E8420F004B79D1 /* LightFamineUITests.swift */; };
		ADDB1BE124E8453E004B79D1 /* SCNCatalogue.scnassets in Resources */ = {isa = PBXBuildFile; fileRef = ADDB1BE024E8453E004B79D1 /* SCNCatalogue.scnassets */; };
/* End PBXBuildFile section */

/* Begin PBXContainerItemProxy section */
		ADDB1BC424E8420F004B79D1 /* PBXContainerItemProxy */ = {
			isa = PBXContainerItemProxy;
			containerPortal = ADDB1BA724E8420D004B79D1 /* Project object */;
			proxyType = 1;
			remoteGlobalIDString = ADDB1BAE24E8420D004B79D1;
			remoteInfo = LightFamine;
		};
		ADDB1BCF24E8420F004B79D1 /* PBXContainerItemProxy */ = {
			isa = PBXContainerItemProxy;
			containerPortal = ADDB1BA724E8420D004B79D1 /* Project object */;
			proxyType = 1;
			remoteGlobalIDString = ADDB1BAE24E8420D004B79D1;
			remoteInfo = LightFamine;
		};
/* End PBXContainerItemProxy section */

/* Begin PBXFileReference section */
		ADDB1BAF24E8420D004B79D1 /* LightFamine.app */ = {isa = PBXFileReference; explicitFileType = wrapper.application; includeInIndex = 0; path = LightFamine.app; sourceTree = BUILT_PRODUCTS_DIR; };
		ADDB1BB224E8420D004B79D1 /* AppDelegate.swift */ = {isa = PBXFileReference; lastKnownFileType = sourcecode.swift; path = AppDelegate.swift; sourceTree = "<group>"; };
		ADDB1BB424E8420D004B79D1 /* GameViewController.swift */ = {isa = PBXFileReference; lastKnownFileType = sourcecode.swift; path = GameViewController.swift; sourceTree = "<group>"; };
		ADDB1BB824E8420E004B79D1 /* Assets.xcassets */ = {isa = PBXFileReference; lastKnownFileType = folder.assetcatalog; path = Assets.xcassets; sourceTree = "<group>"; };
		ADDB1BBB24E8420E004B79D1 /* Base */ = {isa = PBXFileReference; lastKnownFileType = file.storyboard; name = Base; path = Base.lproj/Main.storyboard; sourceTree = "<group>"; };
		ADDB1BBD24E8420E004B79D1 /* Info.plist */ = {isa = PBXFileReference; lastKnownFileType = text.plist.xml; path = Info.plist; sourceTree = "<group>"; };
		ADDB1BBE24E8420E004B79D1 /* LightFamine.entitlements */ = {isa = PBXFileReference; lastKnownFileType = text.plist.entitlements; path = LightFamine.entitlements; sourceTree = "<group>"; };
		ADDB1BC324E8420F004B79D1 /* LightFamineTests.xctest */ = {isa = PBXFileReference; explicitFileType = wrapper.cfbundle; includeInIndex = 0; path = LightFamineTests.xctest; sourceTree = BUILT_PRODUCTS_DIR; };
		ADDB1BC724E8420F004B79D1 /* LightFamineTests.swift */ = {isa = PBXFileReference; lastKnownFileType = sourcecode.swift; path = LightFamineTests.swift; sourceTree = "<group>"; };
		ADDB1BC924E8420F004B79D1 /* Info.plist */ = {isa = PBXFileReference; lastKnownFileType = text.plist.xml; path = Info.plist; sourceTree = "<group>"; };
		ADDB1BCE24E8420F004B79D1 /* LightFamineUITests.xctest */ = {isa = PBXFileReference; explicitFileType = wrapper.cfbundle; includeInIndex = 0; path = LightFamineUITests.xctest; sourceTree = BUILT_PRODUCTS_DIR; };
		ADDB1BD224E8420F004B79D1 /* LightFamineUITests.swift */ = {isa = PBXFileReference; lastKnownFileType = sourcecode.swift; path = LightFamineUITests.swift; sourceTree = "<group>"; };
		ADDB1BD424E8420F004B79D1 /* Info.plist */ = {isa = PBXFileReference; lastKnownFileType = text.plist.xml; path = Info.plist; sourceTree = "<group>"; };
		ADDB1BE024E8453E004B79D1 /* SCNCatalogue.scnassets */ = {isa = PBXFileReference; lastKnownFileType = wrapper.scnassets; path = SCNCatalogue.scnassets; sourceTree = "<group>"; };
/* End PBXFileReference section */

/* Begin PBXFrameworksBuildPhase section */
		ADDB1BAC24E8420D004B79D1 /* Frameworks */ = {
			isa = PBXFrameworksBuildPhase;
			buildActionMask = 2147483647;
			files = (
			);
			runOnlyForDeploymentPostprocessing = 0;
		};
		ADDB1BC024E8420F004B79D1 /* Frameworks */ = {
			isa = PBXFrameworksBuildPhase;
			buildActionMask = 2147483647;
			files = (
			);
			runOnlyForDeploymentPostprocessing = 0;
		};
		ADDB1BCB24E8420F004B79D1 /* Frameworks */ = {
			isa = PBXFrameworksBuildPhase;
			buildActionMask = 2147483647;
			files = (
			);
			runOnlyForDeploymentPostprocessing = 0;
		};
/* End PBXFrameworksBuildPhase section */

/* Begin PBXGroup section */
		ADDB1BA624E8420D004B79D1 = {
			isa = PBXGroup;
			children = (
				ADDB1BB124E8420D004B79D1 /* LightFamine */,
				ADDB1BC624E8420F004B79D1 /* LightFamineTests */,
				ADDB1BD124E8420F004B79D1 /* LightFamineUITests */,
				ADDB1BB024E8420D004B79D1 /* Products */,
			);
			sourceTree = "<group>";
		};
		ADDB1BB024E8420D004B79D1 /* Products */ = {
			isa = PBXGroup;
			children = (
				ADDB1BAF24E8420D004B79D1 /* LightFamine.app */,
				ADDB1BC324E8420F004B79D1 /* LightFamineTests.xctest */,
				ADDB1BCE24E8420F004B79D1 /* LightFamineUITests.xctest */,
			);
			name = Products;
			sourceTree = "<group>";
		};
		ADDB1BB124E8420D004B79D1 /* LightFamine */ = {
			isa = PBXGroup;
			children = (
				ADDB1BB224E8420D004B79D1 /* AppDelegate.swift */,
				ADDB1BB424E8420D004B79D1 /* GameViewController.swift */,
				ADDB1BE024E8453E004B79D1 /* SCNCatalogue.scnassets */,
				ADDB1BB824E8420E004B79D1 /* Assets.xcassets */,
				ADDB1BBA24E8420E004B79D1 /* Main.storyboard */,
				ADDB1BBD24E8420E004B79D1 /* Info.plist */,
				ADDB1BBE24E8420E004B79D1 /* LightFamine.entitlements */,
			);
			path = LightFamine;
			sourceTree = "<group>";
		};
		ADDB1BC624E8420F004B79D1 /* LightFamineTests */ = {
			isa = PBXGroup;
			children = (
				ADDB1BC724E8420F004B79D1 /* LightFamineTests.swift */,
				ADDB1BC924E8420F004B79D1 /* Info.plist */,
			);
			path = LightFamineTests;
			sourceTree = "<group>";
		};
		ADDB1BD124E8420F004B79D1 /* LightFamineUITests */ = {
			isa = PBXGroup;
			children = (
				ADDB1BD224E8420F004B79D1 /* LightFamineUITests.swift */,
				ADDB1BD424E8420F004B79D1 /* Info.plist */,
			);
			path = LightFamineUITests;
			sourceTree = "<group>";
		};
/* End PBXGroup section */

/* Begin PBXNativeTarget section */
		ADDB1BAE24E8420D004B79D1 /* LightFamine */ = {
			isa = PBXNativeTarget;
			buildConfigurationList = ADDB1BD724E8420F004B79D1 /* Build configuration list for PBXNativeTarget "LightFamine" */;
			buildPhases = (
				ADDB1BAB24E8420D004B79D1 /* Sources */,
				ADDB1BAC24E8420D004B79D1 /* Frameworks */,
				ADDB1BAD24E8420D004B79D1 /* Resources */,
			);
			buildRules = (
			);
			dependencies = (
			);
			name = LightFamine;
			productName = LightFamine;
			productReference = ADDB1BAF24E8420D004B79D1 /* LightFamine.app */;
			productType = "com.apple.product-type.application";
		};
		ADDB1BC224E8420F004B79D1 /* LightFamineTests */ = {
			isa = PBXNativeTarget;
			buildConfigurationList = ADDB1BDA24E8420F004B79D1 /* Build configuration list for PBXNativeTarget "LightFamineTests" */;
			buildPhases = (
				ADDB1BBF24E8420F004B79D1 /* Sources */,
				ADDB1BC024E8420F004B79D1 /* Frameworks */,
				ADDB1BC124E8420F004B79D1 /* Resources */,
			);
			buildRules = (
			);
			dependencies = (
				ADDB1BC524E8420F004B79D1 /* PBXTargetDependency */,
			);
			name = LightFamineTests;
			productName = LightFamineTests;
			productReference = ADDB1BC324E8420F004B79D1 /* LightFamineTests.xctest */;
			productType = "com.apple.product-type.bundle.unit-test";
		};
		ADDB1BCD24E8420F004B79D1 /* LightFamineUITests */ = {
			isa = PBXNativeTarget;
			buildConfigurationList = ADDB1BDD24E8420F004B79D1 /* Build configuration list for PBXNativeTarget "LightFamineUITests" */;
			buildPhases = (
				ADDB1BCA24E8420F004B79D1 /* Sources */,
				ADDB1BCB24E8420F004B79D1 /* Frameworks */,
				ADDB1BCC24E8420F004B79D1 /* Resources */,
			);
			buildRules = (
			);
			dependencies = (
				ADDB1BD024E8420F004B79D1 /* PBXTargetDependency */,
			);
			name = LightFamineUITests;
			productName = LightFamineUITests;
			productReference = ADDB1BCE24E8420F004B79D1 /* LightFamineUITests.xctest */;
			productType = "com.apple.product-type.bundle.ui-testing";
		};
/* End PBXNativeTarget section */

/* Begin PBXProject section */
		ADDB1BA724E8420D004B79D1 /* Project object */ = {
			isa = PBXProject;
			attributes = {
				LastSwiftUpdateCheck = 1200;
				LastUpgradeCheck = 1200;
				TargetAttributes = {
					ADDB1BAE24E8420D004B79D1 = {
						CreatedOnToolsVersion = 12.0;
					};
					ADDB1BC224E8420F004B79D1 = {
						CreatedOnToolsVersion = 12.0;
						TestTargetID = ADDB1BAE24E8420D004B79D1;
					};
					ADDB1BCD24E8420F004B79D1 = {
						CreatedOnToolsVersion = 12.0;
						TestTargetID = ADDB1BAE24E8420D004B79D1;
					};
				};
			};
			buildConfigurationList = ADDB1BAA24E8420D004B79D1 /* Build configuration list for PBXProject "LightFamine" */;
			compatibilityVersion = "Xcode 9.3";
			developmentRegion = en;
			hasScannedForEncodings = 0;
			knownRegions = (
				en,
				Base,
			);
			mainGroup = ADDB1BA624E8420D004B79D1;
			productRefGroup = ADDB1BB024E8420D004B79D1 /* Products */;
			projectDirPath = "";
			projectRoot = "";
			targets = (
				ADDB1BAE24E8420D004B79D1 /* LightFamine */,
				ADDB1BC224E8420F004B79D1 /* LightFamineTests */,
				ADDB1BCD24E8420F004B79D1 /* LightFamineUITests */,
			);
		};
/* End PBXProject section */

/* Begin PBXResourcesBuildPhase section */
		ADDB1BAD24E8420D004B79D1 /* Resources */ = {
			isa = PBXResourcesBuildPhase;
			buildActionMask = 2147483647;
			files = (
				ADDB1BE124E8453E004B79D1 /* SCNCatalogue.scnassets in Resources */,
				ADDB1BBC24E8420E004B79D1 /* Main.storyboard in Resources */,
				ADDB1BB924E8420E004B79D1 /* Assets.xcassets in Resources */,
			);
			runOnlyForDeploymentPostprocessing = 0;
		};
		ADDB1BC124E8420F004B79D1 /* Resources */ = {
			isa = PBXResourcesBuildPhase;
			buildActionMask = 2147483647;
			files = (
			);
			runOnlyForDeploymentPostprocessing = 0;
		};
		ADDB1BCC24E8420F004B79D1 /* Resources */ = {
			isa = PBXResourcesBuildPhase;
			buildActionMask = 2147483647;
			files = (
			);
			runOnlyForDeploymentPostprocessing = 0;
		};
/* End PBXResourcesBuildPhase section */

/* Begin PBXSourcesBuildPhase section */
		ADDB1BAB24E8420D004B79D1 /* Sources */ = {
			isa = PBXSourcesBuildPhase;
			buildActionMask = 2147483647;
			files = (
				ADDB1BB524E8420D004B79D1 /* GameViewController.swift in Sources */,
				ADDB1BB324E8420D004B79D1 /* AppDelegate.swift in Sources */,
			);
			runOnlyForDeploymentPostprocessing = 0;
		};
		ADDB1BBF24E8420F004B79D1 /* Sources */ = {
			isa = PBXSourcesBuildPhase;
			buildActionMask = 2147483647;
			files = (
				ADDB1BC824E8420F004B79D1 /* LightFamineTests.swift in Sources */,
			);
			runOnlyForDeploymentPostprocessing = 0;
		};
		ADDB1BCA24E8420F004B79D1 /* Sources */ = {
			isa = PBXSourcesBuildPhase;
			buildActionMask = 2147483647;
			files = (
				ADDB1BD324E8420F004B79D1 /* LightFamineUITests.swift in Sources */,
			);
			runOnlyForDeploymentPostprocessing = 0;
		};
/* End PBXSourcesBuildPhase section */

/* Begin PBXTargetDependency section */
		ADDB1BC524E8420F004B79D1 /* PBXTargetDependency */ = {
			isa = PBXTargetDependency;
			target = ADDB1BAE24E8420D004B79D1 /* LightFamine */;
			targetProxy = ADDB1BC424E8420F004B79D1 /* PBXContainerItemProxy */;
		};
		ADDB1BD024E8420F004B79D1 /* PBXTargetDependency */ = {
			isa = PBXTargetDependency;
			target = ADDB1BAE24E8420D004B79D1 /* LightFamine */;
			targetProxy = ADDB1BCF24E8420F004B79D1 /* PBXContainerItemProxy */;
		};
/* End PBXTargetDependency section */

/* Begin PBXVariantGroup section */
		ADDB1BBA24E8420E004B79D1 /* Main.storyboard */ = {
			isa = PBXVariantGroup;
			children = (
				ADDB1BBB24E8420E004B79D1 /* Base */,
			);
			name = Main.storyboard;
			sourceTree = "<group>";
		};
/* End PBXVariantGroup section */

/* Begin XCBuildConfiguration section */
		ADDB1BD524E8420F004B79D1 /* Debug */ = {
			isa = XCBuildConfiguration;
			buildSettings = {
				ALWAYS_SEARCH_USER_PATHS = NO;
				CLANG_ANALYZER_NONNULL = YES;
				CLANG_ANALYZER_NUMBER_OBJECT_CONVERSION = YES_AGGRESSIVE;
				CLANG_CXX_LANGUAGE_STANDARD = "gnu++14";
				CLANG_CXX_LIBRARY = "libc++";
				CLANG_ENABLE_MODULES = YES;
				CLANG_ENABLE_OBJC_ARC = YES;
				CLANG_ENABLE_OBJC_WEAK = YES;
				CLANG_WARN_BLOCK_CAPTURE_AUTORELEASING = YES;
				CLANG_WARN_BOOL_CONVERSION = YES;
				CLANG_WARN_COMMA = YES;
				CLANG_WARN_CONSTANT_CONVERSION = YES;
				CLANG_WARN_DEPRECATED_OBJC_IMPLEMENTATIONS = YES;
				CLANG_WARN_DIRECT_OBJC_ISA_USAGE = YES_ERROR;
				CLANG_WARN_DOCUMENTATION_COMMENTS = YES;
				CLANG_WARN_EMPTY_BODY = YES;
				CLANG_WARN_ENUM_CONVERSION = YES;
				CLANG_WARN_INFINITE_RECURSION = YES;
				CLANG_WARN_INT_CONVERSION = YES;
				CLANG_WARN_NON_LITERAL_NULL_CONVERSION = YES;
				CLANG_WARN_OBJC_IMPLICIT_RETAIN_SELF = YES;
				CLANG_WARN_OBJC_LITERAL_CONVERSION = YES;
				CLANG_WARN_OBJC_ROOT_CLASS = YES_ERROR;
				CLANG_WARN_QUOTED_INCLUDE_IN_FRAMEWORK_HEADER = YES;
				CLANG_WARN_RANGE_LOOP_ANALYSIS = YES;
				CLANG_WARN_STRICT_PROTOTYPES = YES;
				CLANG_WARN_SUSPICIOUS_MOVE = YES;
				CLANG_WARN_UNGUARDED_AVAILABILITY = YES_AGGRESSIVE;
				CLANG_WARN_UNREACHABLE_CODE = YES;
				CLANG_WARN__DUPLICATE_METHOD_MATCH = YES;
				COPY_PHASE_STRIP = NO;
				DEBUG_INFORMATION_FORMAT = dwarf;
				ENABLE_STRICT_OBJC_MSGSEND = YES;
				ENABLE_TESTABILITY = YES;
				GCC_C_LANGUAGE_STANDARD = gnu11;
				GCC_DYNAMIC_NO_PIC = NO;
				GCC_NO_COMMON_BLOCKS = YES;
				GCC_OPTIMIZATION_LEVEL = 0;
				GCC_PREPROCESSOR_DEFINITIONS = (
					"DEBUG=1",
					"$(inherited)",
				);
				GCC_WARN_64_TO_32_BIT_CONVERSION = YES;
				GCC_WARN_ABOUT_RETURN_TYPE = YES_ERROR;
				GCC_WARN_UNDECLARED_SELECTOR = YES;
				GCC_WARN_UNINITIALIZED_AUTOS = YES_AGGRESSIVE;
				GCC_WARN_UNUSED_FUNCTION = YES;
				GCC_WARN_UNUSED_VARIABLE = YES;
				MACOSX_DEPLOYMENT_TARGET = 11.0;
				MTL_ENABLE_DEBUG_INFO = INCLUDE_SOURCE;
				MTL_FAST_MATH = YES;
				ONLY_ACTIVE_ARCH = YES;
				SDKROOT = macosx;
				SWIFT_ACTIVE_COMPILATION_CONDITIONS = DEBUG;
				SWIFT_OPTIMIZATION_LEVEL = "-Onone";
			};
			name = Debug;
		};
		ADDB1BD624E8420F004B79D1 /* Release */ = {
			isa = XCBuildConfiguration;
			buildSettings = {
				ALWAYS_SEARCH_USER_PATHS = NO;
				CLANG_ANALYZER_NONNULL = YES;
				CLANG_ANALYZER_NUMBER_OBJECT_CONVERSION = YES_AGGRESSIVE;
				CLANG_CXX_LANGUAGE_STANDARD = "gnu++14";
				CLANG_CXX_LIBRARY = "libc++";
				CLANG_ENABLE_MODULES = YES;
				CLANG_ENABLE_OBJC_ARC = YES;
				CLANG_ENABLE_OBJC_WEAK = YES;
				CLANG_WARN_BLOCK_CAPTURE_AUTORELEASING = YES;
				CLANG_WARN_BOOL_CONVERSION = YES;
				CLANG_WARN_COMMA = YES;
				CLANG_WARN_CONSTANT_CONVERSION = YES;
				CLANG_WARN_DEPRECATED_OBJC_IMPLEMENTATIONS = YES;
				CLANG_WARN_DIRECT_OBJC_ISA_USAGE = YES_ERROR;
				CLANG_WARN_DOCUMENTATION_COMMENTS = YES;
				CLANG_WARN_EMPTY_BODY = YES;
				CLANG_WARN_ENUM_CONVERSION = YES;
				CLANG_WARN_INFINITE_RECURSION = YES;
				CLANG_WARN_INT_CONVERSION = YES;
				CLANG_WARN_NON_LITERAL_NULL_CONVERSION = YES;
				CLANG_WARN_OBJC_IMPLICIT_RETAIN_SELF = YES;
				CLANG_WARN_OBJC_LITERAL_CONVERSION = YES;
				CLANG_WARN_OBJC_ROOT_CLASS = YES_ERROR;
				CLANG_WARN_QUOTED_INCLUDE_IN_FRAMEWORK_HEADER = YES;
				CLANG_WARN_RANGE_LOOP_ANALYSIS = YES;
				CLANG_WARN_STRICT_PROTOTYPES = YES;
				CLANG_WARN_SUSPICIOUS_MOVE = YES;
				CLANG_WARN_UNGUARDED_AVAILABILITY = YES_AGGRESSIVE;
				CLANG_WARN_UNREACHABLE_CODE = YES;
				CLANG_WARN__DUPLICATE_METHOD_MATCH = YES;
				COPY_PHASE_STRIP = NO;
				DEBUG_INFORMATION_FORMAT = "dwarf-with-dsym";
				ENABLE_NS_ASSERTIONS = NO;
				ENABLE_STRICT_OBJC_MSGSEND = YES;
				GCC_C_LANGUAGE_STANDARD = gnu11;
				GCC_NO_COMMON_BLOCKS = YES;
				GCC_WARN_64_TO_32_BIT_CONVERSION = YES;
				GCC_WARN_ABOUT_RETURN_TYPE = YES_ERROR;
				GCC_WARN_UNDECLARED_SELECTOR = YES;
				GCC_WARN_UNINITIALIZED_AUTOS = YES_AGGRESSIVE;
				GCC_WARN_UNUSED_FUNCTION = YES;
				GCC_WARN_UNUSED_VARIABLE = YES;
				MACOSX_DEPLOYMENT_TARGET = 11.0;
				MTL_ENABLE_DEBUG_INFO = NO;
				MTL_FAST_MATH = YES;
				SDKROOT = macosx;
				SWIFT_COMPILATION_MODE = wholemodule;
				SWIFT_OPTIMIZATION_LEVEL = "-O";
			};
			name = Release;
		};
		ADDB1BD824E8420F004B79D1 /* Debug */ = {
			isa = XCBuildConfiguration;
			buildSettings = {
				ASSETCATALOG_COMPILER_APPICON_NAME = AppIcon;
				ASSETCATALOG_COMPILER_GLOBAL_ACCENT_COLOR_NAME = AccentColor;
				CODE_SIGN_ENTITLEMENTS = LightFamine/LightFamine.entitlements;
				CODE_SIGN_STYLE = Automatic;
				COMBINE_HIDPI_IMAGES = YES;
				DEVELOPMENT_TEAM = 83XX9TWPTZ;
				ENABLE_HARDENED_RUNTIME = YES;
				INFOPLIST_FILE = LightFamine/Info.plist;
				LD_RUNPATH_SEARCH_PATHS = (
					"$(inherited)",
					"@executable_path/../Frameworks",
				);
				PRODUCT_BUNDLE_IDENTIFIER = com.github.markorankovic.LightFamine;
				PRODUCT_NAME = "$(TARGET_NAME)";
				SWIFT_VERSION = 5.0;
			};
			name = Debug;
		};
		ADDB1BD924E8420F004B79D1 /* Release */ = {
			isa = XCBuildConfiguration;
			buildSettings = {
				ASSETCATALOG_COMPILER_APPICON_NAME = AppIcon;
				ASSETCATALOG_COMPILER_GLOBAL_ACCENT_COLOR_NAME = AccentColor;
				CODE_SIGN_ENTITLEMENTS = LightFamine/LightFamine.entitlements;
				CODE_SIGN_STYLE = Automatic;
				COMBINE_HIDPI_IMAGES = YES;
				DEVELOPMENT_TEAM = 83XX9TWPTZ;
				ENABLE_HARDENED_RUNTIME = YES;
				INFOPLIST_FILE = LightFamine/Info.plist;
				LD_RUNPATH_SEARCH_PATHS = (
					"$(inherited)",
					"@executable_path/../Frameworks",
				);
				PRODUCT_BUNDLE_IDENTIFIER = com.github.markorankovic.LightFamine;
				PRODUCT_NAME = "$(TARGET_NAME)";
				SWIFT_VERSION = 5.0;
			};
			name = Release;
		};
		ADDB1BDB24E8420F004B79D1 /* Debug */ = {
			isa = XCBuildConfiguration;
			buildSettings = {
				ALWAYS_EMBED_SWIFT_STANDARD_LIBRARIES = YES;
				BUNDLE_LOADER = "$(TEST_HOST)";
				CODE_SIGN_STYLE = Automatic;
				COMBINE_HIDPI_IMAGES = YES;
				DEVELOPMENT_TEAM = 83XX9TWPTZ;
				INFOPLIST_FILE = LightFamineTests/Info.plist;
				LD_RUNPATH_SEARCH_PATHS = (
					"$(inherited)",
					"@executable_path/../Frameworks",
					"@loader_path/../Frameworks",
				);
				MACOSX_DEPLOYMENT_TARGET = 11.0;
				PRODUCT_BUNDLE_IDENTIFIER = com.github.markorankovic.LightFamineTests;
				PRODUCT_NAME = "$(TARGET_NAME)";
				SWIFT_VERSION = 5.0;
				TEST_HOST = "$(BUILT_PRODUCTS_DIR)/LightFamine.app/Contents/MacOS/LightFamine";
			};
			name = Debug;
		};
		ADDB1BDC24E8420F004B79D1 /* Release */ = {
			isa = XCBuildConfiguration;
			buildSettings = {
				ALWAYS_EMBED_SWIFT_STANDARD_LIBRARIES = YES;
				BUNDLE_LOADER = "$(TEST_HOST)";
				CODE_SIGN_STYLE = Automatic;
				COMBINE_HIDPI_IMAGES = YES;
				DEVELOPMENT_TEAM = 83XX9TWPTZ;
				INFOPLIST_FILE = LightFamineTests/Info.plist;
				LD_RUNPATH_SEARCH_PATHS = (
					"$(inherited)",
					"@executable_path/../Frameworks",
					"@loader_path/../Frameworks",
				);
				MACOSX_DEPLOYMENT_TARGET = 11.0;
				PRODUCT_BUNDLE_IDENTIFIER = com.github.markorankovic.LightFamineTests;
				PRODUCT_NAME = "$(TARGET_NAME)";
				SWIFT_VERSION = 5.0;
				TEST_HOST = "$(BUILT_PRODUCTS_DIR)/LightFamine.app/Contents/MacOS/LightFamine";
			};
			name = Release;
		};
		ADDB1BDE24E8420F004B79D1 /* Debug */ = {
			isa = XCBuildConfiguration;
			buildSettings = {
				ALWAYS_EMBED_SWIFT_STANDARD_LIBRARIES = YES;
				CODE_SIGN_STYLE = Automatic;
				COMBINE_HIDPI_IMAGES = YES;
				DEVELOPMENT_TEAM = 83XX9TWPTZ;
				INFOPLIST_FILE = LightFamineUITests/Info.plist;
				LD_RUNPATH_SEARCH_PATHS = (
					"$(inherited)",
					"@executable_path/../Frameworks",
					"@loader_path/../Frameworks",
				);
				PRODUCT_BUNDLE_IDENTIFIER = com.github.markorankovic.LightFamineUITests;
				PRODUCT_NAME = "$(TARGET_NAME)";
				SWIFT_VERSION = 5.0;
				TEST_TARGET_NAME = LightFamine;
			};
			name = Debug;
		};
		ADDB1BDF24E8420F004B79D1 /* Release */ = {
			isa = XCBuildConfiguration;
			buildSettings = {
				ALWAYS_EMBED_SWIFT_STANDARD_LIBRARIES = YES;
				CODE_SIGN_STYLE = Automatic;
				COMBINE_HIDPI_IMAGES = YES;
				DEVELOPMENT_TEAM = 83XX9TWPTZ;
				INFOPLIST_FILE = LightFamineUITests/Info.plist;
				LD_RUNPATH_SEARCH_PATHS = (
					"$(inherited)",
					"@executable_path/../Frameworks",
					"@loader_path/../Frameworks",
				);
				PRODUCT_BUNDLE_IDENTIFIER = com.github.markorankovic.LightFamineUITests;
				PRODUCT_NAME = "$(TARGET_NAME)";
				SWIFT_VERSION = 5.0;
				TEST_TARGET_NAME = LightFamine;
			};
			name = Release;
		};
/* End XCBuildConfiguration section */

/* Begin XCConfigurationList section */
		ADDB1BAA24E8420D004B79D1 /* Build configuration list for PBXProject "LightFamine" */ = {
			isa = XCConfigurationList;
			buildConfigurations = (
				ADDB1BD524E8420F004B79D1 /* Debug */,
				ADDB1BD624E8420F004B79D1 /* Release */,
			);
			defaultConfigurationIsVisible = 0;
			defaultConfigurationName = Release;
		};
		ADDB1BD724E8420F004B79D1 /* Build configuration list for PBXNativeTarget "LightFamine" */ = {
			isa = XCConfigurationList;
			buildConfigurations = (
				ADDB1BD824E8420F004B79D1 /* Debug */,
				ADDB1BD924E8420F004B79D1 /* Release */,
			);
			defaultConfigurationIsVisible = 0;
			defaultConfigurationName = Release;
		};
		ADDB1BDA24E8420F004B79D1 /* Build configuration list for PBXNativeTarget "LightFamineTests" */ = {
			isa = XCConfigurationList;
			buildConfigurations = (
				ADDB1BDB24E8420F004B79D1 /* Debug */,
				ADDB1BDC24E8420F004B79D1 /* Release */,
			);
			defaultConfigurationIsVisible = 0;
			defaultConfigurationName = Release;
		};
		ADDB1BDD24E8420F004B79D1 /* Build configuration list for PBXNativeTarget "LightFamineUITests" */ = {
			isa = XCConfigurationList;
			buildConfigurations = (
				ADDB1BDE24E8420F004B79D1 /* Debug */,
				ADDB1BDF24E8420F004B79D1 /* Release */,
			);
			defaultConfigurationIsVisible = 0;
			defaultConfigurationName = Release;
		};
/* End XCConfigurationList section */
	};
	rootObject = ADDB1BA724E8420D004B79D1 /* Project object */;
}
